{
  "originHash" : "686a123052bb945283582d2f9461a08f18d70259c2c0b36c952da28353c7dc4e",
  "pins" : [
    {
      "identity" : "buttonkit",
      "kind" : "remoteSourceControl",
      "location" : "https://github.com/Dean151/ButtonKit",
      "state" : {
        "revision" : "5d049dec3ec474ea2ad79eb4acd066edeacb9953",
        "version" : "0.6.1"
      }
    },
    {
      "identity" : "defaults",
      "kind" : "remoteSourceControl",
      "location" : "https://github.com/sindresorhus/Defaults",
      "state" : {
        "revision" : "b14cc56dcf9efe09f9e41cf7e088bc2d963a661d",
        "version" : "9.0.4"
      }
    },
    {
      "identity" : "swift-html-parser",
      "kind" : "remoteSourceControl",
      "location" : "https://github.com/rnantes/swift-html-parser",
      "state" : {
        "revision" : "fdc7c20fe62c0a0a846cca05f89fd3dc0fe6112a",
        "version" : "1.0.0"
      }
    },
    {
      "identity" : "swift-syntax",
      "kind" : "remoteSourceControl",
      "location" : "https://github.com/swiftlang/swift-syntax",
      "state" : {
        "revision" : "f99ae8aa18f0cf0d53481901f88a0991dc3bd4a2",
        "version" : "601.0.1"
      }
    },
    {
      "identity" : "swiftlintplugins",
      "kind" : "remoteSourceControl",
      "location" : "https://github.com/SimplyDanny/SwiftLintPlugins",
      "state" : {
        "revision" : "634ada2eee7eac4ca79bf1fc8943ddc91408eb06",
        "version" : "0.60.0"
      }
    }
  ],
  "version" : 3
}
